
Microsoft Visual Studio Solution File, Format Version 12.00
# Visual Studio Version 16
VisualStudioVersion = 16.0.29613.14
MinimumVisualStudioVersion = 10.0.40219.1
Project("{FAE04EC0-301F-11D3-BF4B-00C04F79EFBC}") = "JWT_Example", "JWT_Example\JWT_Example.csproj", "{8FBEE98F-0198-4228-83EA-7991EF59428A}"
EndProject
Global
	GlobalSection(SolutionConfigurationPlatforms) = preSolution
		Debug|Any CPU = Debug|Any CPU
		Release|Any CPU = Release|Any CPU
	EndGlobalSection
	GlobalSection(ProjectConfigurationPlatforms) = postSolution
		{8FBEE98F-0198-4228-83EA-7991EF59428A}.Debug|Any CPU.ActiveCfg = Debug|Any CPU
		{8FBEE98F-0198-4228-83EA-7991EF59428A}.Debug|Any CPU.Build.0 = Debug|Any CPU
		{8FBEE98F-0198-4228-83EA-7991EF59428A}.Release|Any CPU.ActiveCfg = Release|Any CPU
		{8FBEE98F-0198-4228-83EA-7991EF59428A}.Release|Any CPU.Build.0 = Release|Any CPU
	EndGlobalSection
	GlobalSection(SolutionProperties) = preSolution
		HideSolutionNode = FALSE
	EndGlobalSection
	GlobalSection(ExtensibilityGlobals) = postSolution
		SolutionGuid = {41FBF0C7-3EEE-41FE-8B95-4DAFDDF001C3}
	EndGlobalSection
EndGlobal
